
Microsoft Visual Studio Solution File, Format Version 11.00
# Visual Studio 2010
# SharpDevelop 4.4
Project("{FD48973F-F585-4F70-812B-4D0503B36CE9}") = "Prog152a", "Prog152a.pyproj", "{68D287D4-2605-43D5-806F-09A14F64CA8C}"
EndProject
Global
	GlobalSection(SolutionConfigurationPlatforms) = preSolution
		Debug|Any CPU = Debug|Any CPU
		Release|Any CPU = Release|Any CPU
	EndGlobalSection
	GlobalSection(ProjectConfigurationPlatforms) = postSolution
		{68D287D4-2605-43D5-806F-09A14F64CA8C}.Debug|Any CPU.Build.0 = Debug|Any CPU
		{68D287D4-2605-43D5-806F-09A14F64CA8C}.Debug|Any CPU.ActiveCfg = Debug|Any CPU
		{68D287D4-2605-43D5-806F-09A14F64CA8C}.Release|Any CPU.Build.0 = Release|Any CPU
		{68D287D4-2605-43D5-806F-09A14F64CA8C}.Release|Any CPU.ActiveCfg = Release|Any CPU
	EndGlobalSection
EndGlobal
