
Microsoft Visual Studio Solution File, Format Version 11.00
# Visual Studio 2010
# SharpDevelop 4.4
Project("{FD48973F-F585-4F70-812B-4D0503B36CE9}") = "DictionariesAndTuples", "DictionariesAndTuples.pyproj", "{C45B9A1F-ECF5-4F3C-829D-748093288BBC}"
EndProject
Global
	GlobalSection(SolutionConfigurationPlatforms) = preSolution
		Debug|Any CPU = Debug|Any CPU
		Release|Any CPU = Release|Any CPU
	EndGlobalSection
	GlobalSection(ProjectConfigurationPlatforms) = postSolution
		{C45B9A1F-ECF5-4F3C-829D-748093288BBC}.Debug|Any CPU.Build.0 = Debug|Any CPU
		{C45B9A1F-ECF5-4F3C-829D-748093288BBC}.Debug|Any CPU.ActiveCfg = Debug|Any CPU
		{C45B9A1F-ECF5-4F3C-829D-748093288BBC}.Release|Any CPU.Build.0 = Release|Any CPU
		{C45B9A1F-ECF5-4F3C-829D-748093288BBC}.Release|Any CPU.ActiveCfg = Release|Any CPU
	EndGlobalSection
EndGlobal
