
Microsoft Visual Studio Solution File, Format Version 11.00
# Visual Studio 2010
# SharpDevelop 4.4
Project("{FD48973F-F585-4F70-812B-4D0503B36CE9}") = "Slices", "Slices.pyproj", "{F8A863C5-E6DE-4A36-BE38-4D59F888A7B4}"
EndProject
Global
	GlobalSection(SolutionConfigurationPlatforms) = preSolution
		Debug|Any CPU = Debug|Any CPU
		Release|Any CPU = Release|Any CPU
	EndGlobalSection
	GlobalSection(ProjectConfigurationPlatforms) = postSolution
		{F8A863C5-E6DE-4A36-BE38-4D59F888A7B4}.Debug|Any CPU.Build.0 = Debug|Any CPU
		{F8A863C5-E6DE-4A36-BE38-4D59F888A7B4}.Debug|Any CPU.ActiveCfg = Debug|Any CPU
		{F8A863C5-E6DE-4A36-BE38-4D59F888A7B4}.Release|Any CPU.Build.0 = Release|Any CPU
		{F8A863C5-E6DE-4A36-BE38-4D59F888A7B4}.Release|Any CPU.ActiveCfg = Release|Any CPU
	EndGlobalSection
EndGlobal
