
Microsoft Visual Studio Solution File, Format Version 11.00
# Visual Studio 2010
# SharpDevelop 4.4
Project("{FD48973F-F585-4F70-812B-4D0503B36CE9}") = "carti 2024", "carti 2024\carti 2024.pyproj", "{2AAC35AE-1490-4A79-AF47-41516DD411C0}"
EndProject
Global
	GlobalSection(SolutionConfigurationPlatforms) = preSolution
		Debug|Any CPU = Debug|Any CPU
		Release|Any CPU = Release|Any CPU
	EndGlobalSection
	GlobalSection(ProjectConfigurationPlatforms) = postSolution
		{2AAC35AE-1490-4A79-AF47-41516DD411C0}.Debug|Any CPU.Build.0 = Debug|Any CPU
		{2AAC35AE-1490-4A79-AF47-41516DD411C0}.Debug|Any CPU.ActiveCfg = Debug|Any CPU
		{2AAC35AE-1490-4A79-AF47-41516DD411C0}.Release|Any CPU.Build.0 = Release|Any CPU
		{2AAC35AE-1490-4A79-AF47-41516DD411C0}.Release|Any CPU.ActiveCfg = Release|Any CPU
	EndGlobalSection
EndGlobal
