
Microsoft Visual Studio Solution File, Format Version 11.00
# Visual Studio 2010
# SharpDevelop 4.4
Project("{FD48973F-F585-4F70-812B-4D0503B36CE9}") = "Good Craig Rules", "Good Craig Rules\Good Craig Rules.pyproj", "{6F207BF8-3630-435D-A6A2-F9F7EE2AF174}"
EndProject
Global
	GlobalSection(SolutionConfigurationPlatforms) = preSolution
		Debug|Any CPU = Debug|Any CPU
		Release|Any CPU = Release|Any CPU
	EndGlobalSection
	GlobalSection(ProjectConfigurationPlatforms) = postSolution
		{6F207BF8-3630-435D-A6A2-F9F7EE2AF174}.Debug|Any CPU.Build.0 = Debug|Any CPU
		{6F207BF8-3630-435D-A6A2-F9F7EE2AF174}.Debug|Any CPU.ActiveCfg = Debug|Any CPU
		{6F207BF8-3630-435D-A6A2-F9F7EE2AF174}.Release|Any CPU.Build.0 = Release|Any CPU
		{6F207BF8-3630-435D-A6A2-F9F7EE2AF174}.Release|Any CPU.ActiveCfg = Release|Any CPU
	EndGlobalSection
EndGlobal
