
Microsoft Visual Studio Solution File, Format Version 11.00
# Visual Studio 2010
# SharpDevelop 4.4
Project("{FD48973F-F585-4F70-812B-4D0503B36CE9}") = "Prog82a", "Prog82a.pyproj", "{B9D35F43-FCE7-4BC6-BB4D-D372819F58BC}"
EndProject
Global
	GlobalSection(SolutionConfigurationPlatforms) = preSolution
		Debug|Any CPU = Debug|Any CPU
		Release|Any CPU = Release|Any CPU
	EndGlobalSection
	GlobalSection(ProjectConfigurationPlatforms) = postSolution
		{B9D35F43-FCE7-4BC6-BB4D-D372819F58BC}.Debug|Any CPU.Build.0 = Debug|Any CPU
		{B9D35F43-FCE7-4BC6-BB4D-D372819F58BC}.Debug|Any CPU.ActiveCfg = Debug|Any CPU
		{B9D35F43-FCE7-4BC6-BB4D-D372819F58BC}.Release|Any CPU.Build.0 = Release|Any CPU
		{B9D35F43-FCE7-4BC6-BB4D-D372819F58BC}.Release|Any CPU.ActiveCfg = Release|Any CPU
	EndGlobalSection
EndGlobal
