
Microsoft Visual Studio Solution File, Format Version 11.00
# Visual Studio 2010
# SharpDevelop 4.4
Project("{FD48973F-F585-4F70-812B-4D0503B36CE9}") = "Playboi Carti 2024 Lyrics", "Playboi Carti 2024 Lyrics\Playboi Carti 2024 Lyrics.pyproj", "{B066E73E-D3EB-4ADF-9E8E-B052C7B2508B}"
EndProject
Global
	GlobalSection(SolutionConfigurationPlatforms) = preSolution
		Debug|Any CPU = Debug|Any CPU
		Release|Any CPU = Release|Any CPU
	EndGlobalSection
	GlobalSection(ProjectConfigurationPlatforms) = postSolution
		{B066E73E-D3EB-4ADF-9E8E-B052C7B2508B}.Debug|Any CPU.Build.0 = Debug|Any CPU
		{B066E73E-D3EB-4ADF-9E8E-B052C7B2508B}.Debug|Any CPU.ActiveCfg = Debug|Any CPU
		{B066E73E-D3EB-4ADF-9E8E-B052C7B2508B}.Release|Any CPU.Build.0 = Release|Any CPU
		{B066E73E-D3EB-4ADF-9E8E-B052C7B2508B}.Release|Any CPU.ActiveCfg = Release|Any CPU
	EndGlobalSection
EndGlobal
