
Microsoft Visual Studio Solution File, Format Version 11.00
# Visual Studio 2010
# SharpDevelop 4.4
Project("{FD48973F-F585-4F70-812B-4D0503B36CE9}") = "Prog152b", "Prog152b.pyproj", "{60DB2930-ACE3-414B-86FE-A70C423BADC6}"
EndProject
Global
	GlobalSection(SolutionConfigurationPlatforms) = preSolution
		Debug|Any CPU = Debug|Any CPU
		Release|Any CPU = Release|Any CPU
	EndGlobalSection
	GlobalSection(ProjectConfigurationPlatforms) = postSolution
		{60DB2930-ACE3-414B-86FE-A70C423BADC6}.Debug|Any CPU.Build.0 = Debug|Any CPU
		{60DB2930-ACE3-414B-86FE-A70C423BADC6}.Debug|Any CPU.ActiveCfg = Debug|Any CPU
		{60DB2930-ACE3-414B-86FE-A70C423BADC6}.Release|Any CPU.Build.0 = Release|Any CPU
		{60DB2930-ACE3-414B-86FE-A70C423BADC6}.Release|Any CPU.ActiveCfg = Release|Any CPU
	EndGlobalSection
EndGlobal
